// !$*UTF8*$!
{
	archiveVersion = 1;
	classes = {
	};
	objectVersion = 46;
	objects = {

/* Begin PBXBuildFile section */
		9B9FFEAC3294608E6C31F37A /* Pods_Shayla.framework in Frameworks */ = {isa = PBXBuildFile; fileRef = 6AA129BB0517A69CA52FD3BF /* Pods_Shayla.framework */; };
		C9187CC61E886FFF007EDCD5 /* AppDelegate.swift in Sources */ = {isa = PBXBuildFile; fileRef = C9187CC51E886FFF007EDCD5 /* AppDelegate.swift */; };
		C9187CC81E886FFF007EDCD5 /* LoginVC.swift in Sources */ = {isa = PBXBuildFile; fileRef = C9187CC71E886FFF007EDCD5 /* LoginVC.swift */; };
		C9187CCD1E887000007EDCD5 /* Assets.xcassets in Resources */ = {isa = PBXBuildFile; fileRef = C9187CCC1E887000007EDCD5 /* Assets.xcassets */; };
		C9187CD01E887000007EDCD5 /* LaunchScreen.storyboard in Resources */ = {isa = PBXBuildFile; fileRef = C9187CCE1E887000007EDCD5 /* LaunchScreen.storyboard */; };
		C9187CD81E887DFF007EDCD5 /* RegistrationViewController.swift in Sources */ = {isa = PBXBuildFile; fileRef = C9187CD71E887DFF007EDCD5 /* RegistrationViewController.swift */; };
		F0616C831E8896A100FB3975 /* Bolts.framework in Frameworks */ = {isa = PBXBuildFile; fileRef = F0616C7F1E8896A100FB3975 /* Bolts.framework */; };
		F0616C841E8896A100FB3975 /* FBSDKCoreKit.framework in Frameworks */ = {isa = PBXBuildFile; fileRef = F0616C801E8896A100FB3975 /* FBSDKCoreKit.framework */; };
		F0616C851E8896A100FB3975 /* FBSDKLoginKit.framework in Frameworks */ = {isa = PBXBuildFile; fileRef = F0616C811E8896A100FB3975 /* FBSDKLoginKit.framework */; };
		F0616C861E8896A100FB3975 /* FBSDKShareKit.framework in Frameworks */ = {isa = PBXBuildFile; fileRef = F0616C821E8896A100FB3975 /* FBSDKShareKit.framework */; };
		F0B7D0D51E8958C70070AB6A /* Main.storyboard in Resources */ = {isa = PBXBuildFile; fileRef = F0B7D0D31E8958C70070AB6A /* Main.storyboard */; };
/* End PBXBuildFile section */

/* Begin PBXFileReference section */
		59791BB2D8DBCBEFAB3D3021 /* Pods-Shayla.debug.xcconfig */ = {isa = PBXFileReference; includeInIndex = 1; lastKnownFileType = text.xcconfig; name = "Pods-Shayla.debug.xcconfig"; path = "Pods/Target Support Files/Pods-Shayla/Pods-Shayla.debug.xcconfig"; sourceTree = "<group>"; };
		6AA129BB0517A69CA52FD3BF /* Pods_Shayla.framework */ = {isa = PBXFileReference; explicitFileType = wrapper.framework; includeInIndex = 0; path = Pods_Shayla.framework; sourceTree = BUILT_PRODUCTS_DIR; };
		C266C020BD7F58A169EF582E /* Pods-Shayla.release.xcconfig */ = {isa = PBXFileReference; includeInIndex = 1; lastKnownFileType = text.xcconfig; name = "Pods-Shayla.release.xcconfig"; path = "Pods/Target Support Files/Pods-Shayla/Pods-Shayla.release.xcconfig"; sourceTree = "<group>"; };
		C9187CC21E886FFF007EDCD5 /* Shayla.app */ = {isa = PBXFileReference; explicitFileType = wrapper.application; includeInIndex = 0; path = Shayla.app; sourceTree = BUILT_PRODUCTS_DIR; };
		C9187CC51E886FFF007EDCD5 /* AppDelegate.swift */ = {isa = PBXFileReference; lastKnownFileType = sourcecode.swift; path = AppDelegate.swift; sourceTree = "<group>"; };
		C9187CC71E886FFF007EDCD5 /* LoginVC.swift */ = {isa = PBXFileReference; lastKnownFileType = sourcecode.swift; path = LoginVC.swift; sourceTree = "<group>"; };
		C9187CCC1E887000007EDCD5 /* Assets.xcassets */ = {isa = PBXFileReference; lastKnownFileType = folder.assetcatalog; path = Assets.xcassets; sourceTree = "<group>"; };
		C9187CCF1E887000007EDCD5 /* Base */ = {isa = PBXFileReference; lastKnownFileType = file.storyboard; name = Base; path = Base.lproj/LaunchScreen.storyboard; sourceTree = "<group>"; };
		C9187CD11E887000007EDCD5 /* Info.plist */ = {isa = PBXFileReference; lastKnownFileType = text.plist.xml; path = Info.plist; sourceTree = "<group>"; };
		C9187CD71E887DFF007EDCD5 /* RegistrationViewController.swift */ = {isa = PBXFileReference; fileEncoding = 4; lastKnownFileType = sourcecode.swift; path = RegistrationViewController.swift; sourceTree = "<group>"; };
		F0616C7F1E8896A100FB3975 /* Bolts.framework */ = {isa = PBXFileReference; lastKnownFileType = wrapper.framework; path = Bolts.framework; sourceTree = "<group>"; };
		F0616C801E8896A100FB3975 /* FBSDKCoreKit.framework */ = {isa = PBXFileReference; lastKnownFileType = wrapper.framework; path = FBSDKCoreKit.framework; sourceTree = "<group>"; };
		F0616C811E8896A100FB3975 /* FBSDKLoginKit.framework */ = {isa = PBXFileReference; lastKnownFileType = wrapper.framework; path = FBSDKLoginKit.framework; sourceTree = "<group>"; };
		F0616C821E8896A100FB3975 /* FBSDKShareKit.framework */ = {isa = PBXFileReference; lastKnownFileType = wrapper.framework; path = FBSDKShareKit.framework; sourceTree = "<group>"; };
		F0616C871E889B6A00FB3975 /* FBLoginIntegration-Bridging-Header.h */ = {isa = PBXFileReference; fileEncoding = 4; lastKnownFileType = sourcecode.c.h; path = "FBLoginIntegration-Bridging-Header.h"; sourceTree = "<group>"; };
		F0B7D0D41E8958C70070AB6A /* Base */ = {isa = PBXFileReference; lastKnownFileType = file.storyboard; name = Base; path = Base.lproj/Main.storyboard; sourceTree = "<group>"; };
/* End PBXFileReference section */

/* Begin PBXFrameworksBuildPhase section */
		C9187CBF1E886FFF007EDCD5 /* Frameworks */ = {
			isa = PBXFrameworksBuildPhase;
			buildActionMask = 2147483647;
			files = (
				9B9FFEAC3294608E6C31F37A /* Pods_Shayla.framework in Frameworks */,
				F0616C841E8896A100FB3975 /* FBSDKCoreKit.framework in Frameworks */,
				F0616C861E8896A100FB3975 /* FBSDKShareKit.framework in Frameworks */,
				F0616C851E8896A100FB3975 /* FBSDKLoginKit.framework in Frameworks */,
				F0616C831E8896A100FB3975 /* Bolts.framework in Frameworks */,
			);
			runOnlyForDeploymentPostprocessing = 0;
		};
/* End PBXFrameworksBuildPhase section */

/* Begin PBXGroup section */
		570F32304124E406693D3DD0 /* Pods */ = {
			isa = PBXGroup;
			children = (
				59791BB2D8DBCBEFAB3D3021 /* Pods-Shayla.debug.xcconfig */,
				C266C020BD7F58A169EF582E /* Pods-Shayla.release.xcconfig */,
			);
			name = Pods;
			sourceTree = "<group>";
		};
		62DEA6B165A35B91971ACCBD /* Frameworks */ = {
			isa = PBXGroup;
			children = (
				F0616C7F1E8896A100FB3975 /* Bolts.framework */,
				F0616C801E8896A100FB3975 /* FBSDKCoreKit.framework */,
				F0616C811E8896A100FB3975 /* FBSDKLoginKit.framework */,
				F0616C821E8896A100FB3975 /* FBSDKShareKit.framework */,
				6AA129BB0517A69CA52FD3BF /* Pods_Shayla.framework */,
			);
			name = Frameworks;
			sourceTree = "<group>";
		};
		C9187CB91E886FFF007EDCD5 = {
			isa = PBXGroup;
			children = (
				C9187CC41E886FFF007EDCD5 /* Shayla */,
				C9187CC31E886FFF007EDCD5 /* Products */,
				570F32304124E406693D3DD0 /* Pods */,
				62DEA6B165A35B91971ACCBD /* Frameworks */,
				F0616C871E889B6A00FB3975 /* FBLoginIntegration-Bridging-Header.h */,
			);
			sourceTree = "<group>";
		};
		C9187CC31E886FFF007EDCD5 /* Products */ = {
			isa = PBXGroup;
			children = (
				C9187CC21E886FFF007EDCD5 /* Shayla.app */,
			);
			name = Products;
			sourceTree = "<group>";
		};
		C9187CC41E886FFF007EDCD5 /* Shayla */ = {
			isa = PBXGroup;
			children = (
				C9187CC51E886FFF007EDCD5 /* AppDelegate.swift */,
				C9187CC71E886FFF007EDCD5 /* LoginVC.swift */,
				C9187CD71E887DFF007EDCD5 /* RegistrationViewController.swift */,
				C9187CCC1E887000007EDCD5 /* Assets.xcassets */,
				F0B7D0D31E8958C70070AB6A /* Main.storyboard */,
				C9187CCE1E887000007EDCD5 /* LaunchScreen.storyboard */,
				C9187CD11E887000007EDCD5 /* Info.plist */,
			);
			path = Shayla;
			sourceTree = "<group>";
		};
/* End PBXGroup section */

/* Begin PBXNativeTarget section */
		C9187CC11E886FFF007EDCD5 /* Shayla */ = {
			isa = PBXNativeTarget;
			buildConfigurationList = C9187CD41E887000007EDCD5 /* Build configuration list for PBXNativeTarget "Shayla" */;
			buildPhases = (
				E5C4ED89488C607D6E017528 /* [CP] Check Pods Manifest.lock */,
				C9187CBE1E886FFF007EDCD5 /* Sources */,
				C9187CBF1E886FFF007EDCD5 /* Frameworks */,
				C9187CC01E886FFF007EDCD5 /* Resources */,
				6E3C54B949DD6F88C79CDAF4 /* [CP] Embed Pods Frameworks */,
				8AAF7DF496C67E7C44325B96 /* [CP] Copy Pods Resources */,
				F0B3F5181E8AF82D00F064D3 /* ShellScript */,
			);
			buildRules = (
			);
			dependencies = (
			);
			name = Shayla;
			productName = Shayla;
			productReference = C9187CC21E886FFF007EDCD5 /* Shayla.app */;
			productType = "com.apple.product-type.application";
		};
/* End PBXNativeTarget section */

/* Begin PBXProject section */
		C9187CBA1E886FFF007EDCD5 /* Project object */ = {
			isa = PBXProject;
			attributes = {
				LastSwiftUpdateCheck = 0820;
				LastUpgradeCheck = 0820;
				ORGANIZATIONNAME = "HRW Music Group LLC";
				TargetAttributes = {
					C9187CC11E886FFF007EDCD5 = {
						CreatedOnToolsVersion = 8.2.1;
						DevelopmentTeam = W54AFR45D5;
						ProvisioningStyle = Automatic;
					};
				};
			};
			buildConfigurationList = C9187CBD1E886FFF007EDCD5 /* Build configuration list for PBXProject "Shayla" */;
			compatibilityVersion = "Xcode 3.2";
			developmentRegion = English;
			hasScannedForEncodings = 0;
			knownRegions = (
				en,
				Base,
			);
			mainGroup = C9187CB91E886FFF007EDCD5;
			productRefGroup = C9187CC31E886FFF007EDCD5 /* Products */;
			projectDirPath = "";
			projectRoot = "";
			targets = (
				C9187CC11E886FFF007EDCD5 /* Shayla */,
			);
		};
/* End PBXProject section */

/* Begin PBXResourcesBuildPhase section */
		C9187CC01E886FFF007EDCD5 /* Resources */ = {
			isa = PBXResourcesBuildPhase;
			buildActionMask = 2147483647;
			files = (
				F0B7D0D51E8958C70070AB6A /* Main.storyboard in Resources */,
				C9187CD01E887000007EDCD5 /* LaunchScreen.storyboard in Resources */,
				C9187CCD1E887000007EDCD5 /* Assets.xcassets in Resources */,
			);
			runOnlyForDeploymentPostprocessing = 0;
		};
/* End PBXResourcesBuildPhase section */

/* Begin PBXShellScriptBuildPhase section */
		6E3C54B949DD6F88C79CDAF4 /* [CP] Embed Pods Frameworks */ = {
			isa = PBXShellScriptBuildPhase;
			buildActionMask = 2147483647;
			files = (
			);
			inputPaths = (
			);
			name = "[CP] Embed Pods Frameworks";
			outputPaths = (
			);
			runOnlyForDeploymentPostprocessing = 0;
			shellPath = /bin/sh;
			shellScript = "\"${SRCROOT}/Pods/Target Support Files/Pods-Shayla/Pods-Shayla-frameworks.sh\"\n";
			showEnvVarsInLog = 0;
		};
		8AAF7DF496C67E7C44325B96 /* [CP] Copy Pods Resources */ = {
			isa = PBXShellScriptBuildPhase;
			buildActionMask = 2147483647;
			files = (
			);
			inputPaths = (
			);
			name = "[CP] Copy Pods Resources";
			outputPaths = (
			);
			runOnlyForDeploymentPostprocessing = 0;
			shellPath = /bin/sh;
			shellScript = "\"${SRCROOT}/Pods/Target Support Files/Pods-Shayla/Pods-Shayla-resources.sh\"\n";
			showEnvVarsInLog = 0;
		};
		E5C4ED89488C607D6E017528 /* [CP] Check Pods Manifest.lock */ = {
			isa = PBXShellScriptBuildPhase;
			buildActionMask = 2147483647;
			files = (
			);
			inputPaths = (
			);
			name = "[CP] Check Pods Manifest.lock";
			outputPaths = (
			);
			runOnlyForDeploymentPostprocessing = 0;
			shellPath = /bin/sh;
			shellScript = "diff \"${PODS_ROOT}/../Podfile.lock\" \"${PODS_ROOT}/Manifest.lock\" > /dev/null\nif [ $? != 0 ] ; then\n    # print error to STDERR\n    echo \"error: The sandbox is not in sync with the Podfile.lock. Run 'pod install' or update your CocoaPods installation.\" >&2\n    exit 1\nfi\n";
			showEnvVarsInLog = 0;
		};
		F0B3F5181E8AF82D00F064D3 /* ShellScript */ = {
			isa = PBXShellScriptBuildPhase;
			buildActionMask = 2147483647;
			files = (
			);
			inputPaths = (
			);
			outputPaths = (
			);
			runOnlyForDeploymentPostprocessing = 0;
			shellPath = /bin/sh;
			shellScript = "\"${PODS_ROOT}/Fabric/run\" b47cee7d3310247851b0328faddf5bbca2f121bf 99564717f4d464d4a089a3487c38b8a3e35fed3d0f1e3e14c45521918dd9002d";
		};
/* End PBXShellScriptBuildPhase section */

/* Begin PBXSourcesBuildPhase section */
		C9187CBE1E886FFF007EDCD5 /* Sources */ = {
			isa = PBXSourcesBuildPhase;
			buildActionMask = 2147483647;
			files = (
				C9187CD81E887DFF007EDCD5 /* RegistrationViewController.swift in Sources */,
				C9187CC81E886FFF007EDCD5 /* LoginVC.swift in Sources */,
				C9187CC61E886FFF007EDCD5 /* AppDelegate.swift in Sources */,
			);
			runOnlyForDeploymentPostprocessing = 0;
		};
/* End PBXSourcesBuildPhase section */

/* Begin PBXVariantGroup section */
		C9187CCE1E887000007EDCD5 /* LaunchScreen.storyboard */ = {
			isa = PBXVariantGroup;
			children = (
				C9187CCF1E887000007EDCD5 /* Base */,
			);
			name = LaunchScreen.storyboard;
			sourceTree = "<group>";
		};
		F0B7D0D31E8958C70070AB6A /* Main.storyboard */ = {
			isa = PBXVariantGroup;
			children = (
				F0B7D0D41E8958C70070AB6A /* Base */,
			);
			name = Main.storyboard;
			sourceTree = "<group>";
		};
/* End PBXVariantGroup section */

/* Begin XCBuildConfiguration section */
		C9187CD21E887000007EDCD5 /* Debug */ = {
			isa = XCBuildConfiguration;
			buildSettings = {
				ALWAYS_SEARCH_USER_PATHS = NO;
				CLANG_ANALYZER_NONNULL = YES;
				CLANG_CXX_LANGUAGE_STANDARD = "gnu++0x";
				CLANG_CXX_LIBRARY = "libc++";
				CLANG_ENABLE_MODULES = YES;
				CLANG_ENABLE_OBJC_ARC = YES;
				CLANG_WARN_BOOL_CONVERSION = YES;
				CLANG_WARN_CONSTANT_CONVERSION = YES;
				CLANG_WARN_DIRECT_OBJC_ISA_USAGE = YES_ERROR;
				CLANG_WARN_DOCUMENTATION_COMMENTS = YES;
				CLANG_WARN_EMPTY_BODY = YES;
				CLANG_WARN_ENUM_CONVERSION = YES;
				CLANG_WARN_INFINITE_RECURSION = YES;
				CLANG_WARN_INT_CONVERSION = YES;
				CLANG_WARN_OBJC_ROOT_CLASS = YES_ERROR;
				CLANG_WARN_SUSPICIOUS_MOVE = YES;
				CLANG_WARN_UNREACHABLE_CODE = YES;
				CLANG_WARN__DUPLICATE_METHOD_MATCH = YES;
				"CODE_SIGN_IDENTITY[sdk=iphoneos*]" = "iPhone Developer";
				COPY_PHASE_STRIP = NO;
				DEBUG_INFORMATION_FORMAT = dwarf;
				ENABLE_STRICT_OBJC_MSGSEND = YES;
				ENABLE_TESTABILITY = YES;
				GCC_C_LANGUAGE_STANDARD = gnu99;
				GCC_DYNAMIC_NO_PIC = NO;
				GCC_NO_COMMON_BLOCKS = YES;
				GCC_OPTIMIZATION_LEVEL = 0;
				GCC_PREPROCESSOR_DEFINITIONS = (
					"DEBUG=1",
					"$(inherited)",
				);
				GCC_WARN_64_TO_32_BIT_CONVERSION = YES;
				GCC_WARN_ABOUT_RETURN_TYPE = YES_ERROR;
				GCC_WARN_UNDECLARED_SELECTOR = YES;
				GCC_WARN_UNINITIALIZED_AUTOS = YES_AGGRESSIVE;
				GCC_WARN_UNUSED_FUNCTION = YES;
				GCC_WARN_UNUSED_VARIABLE = YES;
				IPHONEOS_DEPLOYMENT_TARGET = 10.2;
				MTL_ENABLE_DEBUG_INFO = YES;
				ONLY_ACTIVE_ARCH = YES;
				SDKROOT = iphoneos;
				SWIFT_ACTIVE_COMPILATION_CONDITIONS = DEBUG;
				SWIFT_OPTIMIZATION_LEVEL = "-Onone";
				TARGETED_DEVICE_FAMILY = "1,2";
			};
			name = Debug;
		};
		C9187CD31E887000007EDCD5 /* Release */ = {
			isa = XCBuildConfiguration;
			buildSettings = {
				ALWAYS_SEARCH_USER_PATHS = NO;
				CLANG_ANALYZER_NONNULL = YES;
				CLANG_CXX_LANGUAGE_STANDARD = "gnu++0x";
				CLANG_CXX_LIBRARY = "libc++";
				CLANG_ENABLE_MODULES = YES;
				CLANG_ENABLE_OBJC_ARC = YES;
				CLANG_WARN_BOOL_CONVERSION = YES;
				CLANG_WARN_CONSTANT_CONVERSION = YES;
				CLANG_WARN_DIRECT_OBJC_ISA_USAGE = YES_ERROR;
				CLANG_WARN_DOCUMENTATION_COMMENTS = YES;
				CLANG_WARN_EMPTY_BODY = YES;
				CLANG_WARN_ENUM_CONVERSION = YES;
				CLANG_WARN_INFINITE_RECURSION = YES;
				CLANG_WARN_INT_CONVERSION = YES;
				CLANG_WARN_OBJC_ROOT_CLASS = YES_ERROR;
				CLANG_WARN_SUSPICIOUS_MOVE = YES;
				CLANG_WARN_UNREACHABLE_CODE = YES;
				CLANG_WARN__DUPLICATE_METHOD_MATCH = YES;
				"CODE_SIGN_IDENTITY[sdk=iphoneos*]" = "iPhone Developer";
				COPY_PHASE_STRIP = NO;
				DEBUG_INFORMATION_FORMAT = "dwarf-with-dsym";
				ENABLE_NS_ASSERTIONS = NO;
				ENABLE_STRICT_OBJC_MSGSEND = YES;
				GCC_C_LANGUAGE_STANDARD = gnu99;
				GCC_NO_COMMON_BLOCKS = YES;
				GCC_WARN_64_TO_32_BIT_CONVERSION = YES;
				GCC_WARN_ABOUT_RETURN_TYPE = YES_ERROR;
				GCC_WARN_UNDECLARED_SELECTOR = YES;
				GCC_WARN_UNINITIALIZED_AUTOS = YES_AGGRESSIVE;
				GCC_WARN_UNUSED_FUNCTION = YES;
				GCC_WARN_UNUSED_VARIABLE = YES;
				IPHONEOS_DEPLOYMENT_TARGET = 10.2;
				MTL_ENABLE_DEBUG_INFO = NO;
				SDKROOT = iphoneos;
				SWIFT_OPTIMIZATION_LEVEL = "-Owholemodule";
				TARGETED_DEVICE_FAMILY = "1,2";
				VALIDATE_PRODUCT = YES;
			};
			name = Release;
		};
		C9187CD51E887000007EDCD5 /* Debug */ = {
			isa = XCBuildConfiguration;
			baseConfigurationReference = 59791BB2D8DBCBEFAB3D3021 /* Pods-Shayla.debug.xcconfig */;
			buildSettings = {
				ASSETCATALOG_COMPILER_APPICON_NAME = AppIcon;
				DEVELOPMENT_TEAM = W54AFR45D5;
				FRAMEWORK_SEARCH_PATHS = (
					"$(inherited)",
					"$(PROJECT_DIR)",
				);
				INFOPLIST_FILE = Shayla/Info.plist;
				LD_RUNPATH_SEARCH_PATHS = "$(inherited) @executable_path/Frameworks";
				PRODUCT_BUNDLE_IDENTIFIER = com.hrwmusicgroup.Shayla;
				PRODUCT_NAME = "$(TARGET_NAME)";
				SWIFT_VERSION = 3.0;
			};
			name = Debug;
		};
		C9187CD61E887000007EDCD5 /* Release */ = {
			isa = XCBuildConfiguration;
			baseConfigurationReference = C266C020BD7F58A169EF582E /* Pods-Shayla.release.xcconfig */;
			buildSettings = {
				ASSETCATALOG_COMPILER_APPICON_NAME = AppIcon;
				DEVELOPMENT_TEAM = W54AFR45D5;
				FRAMEWORK_SEARCH_PATHS = (
					"$(inherited)",
					"$(PROJECT_DIR)",
				);
				INFOPLIST_FILE = Shayla/Info.plist;
				LD_RUNPATH_SEARCH_PATHS = "$(inherited) @executable_path/Frameworks";
				PRODUCT_BUNDLE_IDENTIFIER = com.hrwmusicgroup.Shayla;
				PRODUCT_NAME = "$(TARGET_NAME)";
				SWIFT_VERSION = 3.0;
			};
			name = Release;
		};
/* End XCBuildConfiguration section */

/* Begin XCConfigurationList section */
		C9187CBD1E886FFF007EDCD5 /* Build configuration list for PBXProject "Shayla" */ = {
			isa = XCConfigurationList;
			buildConfigurations = (
				C9187CD21E887000007EDCD5 /* Debug */,
				C9187CD31E887000007EDCD5 /* Release */,
			);
			defaultConfigurationIsVisible = 0;
			defaultConfigurationName = Release;
		};
		C9187CD41E887000007EDCD5 /* Build configuration list for PBXNativeTarget "Shayla" */ = {
			isa = XCConfigurationList;
			buildConfigurations = (
				C9187CD51E887000007EDCD5 /* Debug */,
				C9187CD61E887000007EDCD5 /* Release */,
			);
			defaultConfigurationIsVisible = 0;
			defaultConfigurationName = Release;
		};
/* End XCConfigurationList section */
	};
	rootObject = C9187CBA1E886FFF007EDCD5 /* Project object */;
}
